
Microsoft Visual Studio Solution File, Format Version 12.00
# Visual Studio 15
VisualStudioVersion = 15.0.28307.168
MinimumVisualStudioVersion = 10.0.40219.1
Project("{FAE04EC0-301F-11D3-BF4B-00C04F79EFBC}") = "GettingStartedBound.Android", "GettingStartedBound\GettingStartedBound.Android\GettingStartedBound.Android.csproj", "{10175E74-CFA2-4416-BEE6-2EDAA2C7B22D}"
EndProject
Project("{FAE04EC0-301F-11D3-BF4B-00C04F79EFBC}") = "GettingStartedBound.iOS", "GettingStartedBound\GettingStartedBound.iOS\GettingStartedBound.iOS.csproj", "{1483EF37-E8DE-47E9-A9F7-F8359D1AADD4}"
EndProject
Project("{FAE04EC0-301F-11D3-BF4B-00C04F79EFBC}") = "GettingStartedBound.UWP", "GettingStartedBound\GettingStartedBound.UWP\GettingStartedBound.UWP.csproj", "{D7778011-2823-491A-82CE-85715855CE27}"
EndProject
Project("{FAE04EC0-301F-11D3-BF4B-00C04F79EFBC}") = "GettingStartedBound", "GettingStartedBound\GettingStartedBound\GettingStartedBound.csproj", "{6D55794A-AD4E-4445-9B5F-7DA1D03A5738}"
EndProject
Global
	GlobalSection(SolutionConfigurationPlatforms) = preSolution
		Ad-Hoc|Any CPU = Ad-Hoc|Any CPU
		Ad-Hoc|ARM = Ad-Hoc|ARM
		Ad-Hoc|iPhone = Ad-Hoc|iPhone
		Ad-Hoc|iPhoneSimulator = Ad-Hoc|iPhoneSimulator
		Ad-Hoc|x64 = Ad-Hoc|x64
		Ad-Hoc|x86 = Ad-Hoc|x86
		AppStore|Any CPU = AppStore|Any CPU
		AppStore|ARM = AppStore|ARM
		AppStore|iPhone = AppStore|iPhone
		AppStore|iPhoneSimulator = AppStore|iPhoneSimulator
		AppStore|x64 = AppStore|x64
		AppStore|x86 = AppStore|x86
		Debug|Any CPU = Debug|Any CPU
		Debug|ARM = Debug|ARM
		Debug|iPhone = Debug|iPhone
		Debug|iPhoneSimulator = Debug|iPhoneSimulator
		Debug|x64 = Debug|x64
		Debug|x86 = Debug|x86
		Release|Any CPU = Release|Any CPU
		Release|ARM = Release|ARM
		Release|iPhone = Release|iPhone
		Release|iPhoneSimulator = Release|iPhoneSimulator
		Release|x64 = Release|x64
		Release|x86 = Release|x86
	EndGlobalSection
	GlobalSection(ProjectConfigurationPlatforms) = postSolution
		{10175E74-CFA2-4416-BEE6-2EDAA2C7B22D}.Ad-Hoc|Any CPU.ActiveCfg = Release|Any CPU
		{10175E74-CFA2-4416-BEE6-2EDAA2C7B22D}.Ad-Hoc|Any CPU.Build.0 = Release|Any CPU
		{10175E74-CFA2-4416-BEE6-2EDAA2C7B22D}.Ad-Hoc|Any CPU.Deploy.0 = Release|Any CPU
		{10175E74-CFA2-4416-BEE6-2EDAA2C7B22D}.Ad-Hoc|ARM.ActiveCfg = Release|Any CPU
		{10175E74-CFA2-4416-BEE6-2EDAA2C7B22D}.Ad-Hoc|ARM.Build.0 = Release|Any CPU
		{10175E74-CFA2-4416-BEE6-2EDAA2C7B22D}.Ad-Hoc|ARM.Deploy.0 = Release|Any CPU
		{10175E74-CFA2-4416-BEE6-2EDAA2C7B22D}.Ad-Hoc|iPhone.ActiveCfg = Release|Any CPU
		{10175E74-CFA2-4416-BEE6-2EDAA2C7B22D}.Ad-Hoc|iPhone.Build.0 = Release|Any CPU
		{10175E74-CFA2-4416-BEE6-2EDAA2C7B22D}.Ad-Hoc|iPhone.Deploy.0 = Release|Any CPU
		{10175E74-CFA2-4416-BEE6-2EDAA2C7B22D}.Ad-Hoc|iPhoneSimulator.ActiveCfg = Release|Any CPU
		{10175E74-CFA2-4416-BEE6-2EDAA2C7B22D}.Ad-Hoc|iPhoneSimulator.Build.0 = Release|Any CPU
		{10175E74-CFA2-4416-BEE6-2EDAA2C7B22D}.Ad-Hoc|iPhoneSimulator.Deploy.0 = Release|Any CPU
		{10175E74-CFA2-4416-BEE6-2EDAA2C7B22D}.Ad-Hoc|x64.ActiveCfg = Release|Any CPU
		{10175E74-CFA2-4416-BEE6-2EDAA2C7B22D}.Ad-Hoc|x64.Build.0 = Release|Any CPU
		{10175E74-CFA2-4416-BEE6-2EDAA2C7B22D}.Ad-Hoc|x64.Deploy.0 = Release|Any CPU
		{10175E74-CFA2-4416-BEE6-2EDAA2C7B22D}.Ad-Hoc|x86.ActiveCfg = Release|Any CPU
		{10175E74-CFA2-4416-BEE6-2EDAA2C7B22D}.Ad-Hoc|x86.Build.0 = Release|Any CPU
		{10175E74-CFA2-4416-BEE6-2EDAA2C7B22D}.Ad-Hoc|x86.Deploy.0 = Release|Any CPU
		{10175E74-CFA2-4416-BEE6-2EDAA2C7B22D}.AppStore|Any CPU.ActiveCfg = Release|Any CPU
		{10175E74-CFA2-4416-BEE6-2EDAA2C7B22D}.AppStore|Any CPU.Build.0 = Release|Any CPU
		{10175E74-CFA2-4416-BEE6-2EDAA2C7B22D}.AppStore|Any CPU.Deploy.0 = Release|Any CPU
		{10175E74-CFA2-4416-BEE6-2EDAA2C7B22D}.AppStore|ARM.ActiveCfg = Release|Any CPU
		{10175E74-CFA2-4416-BEE6-2EDAA2C7B22D}.AppStore|ARM.Build.0 = Release|Any CPU
		{10175E74-CFA2-4416-BEE6-2EDAA2C7B22D}.AppStore|ARM.Deploy.0 = Release|Any CPU
		{10175E74-CFA2-4416-BEE6-2EDAA2C7B22D}.AppStore|iPhone.ActiveCfg = Release|Any CPU
		{10175E74-CFA2-4416-BEE6-2EDAA2C7B22D}.AppStore|iPhone.Build.0 = Release|Any CPU
		{10175E74-CFA2-4416-BEE6-2EDAA2C7B22D}.AppStore|iPhone.Deploy.0 = Release|Any CPU
		{10175E74-CFA2-4416-BEE6-2EDAA2C7B22D}.AppStore|iPhoneSimulator.ActiveCfg = Release|Any CPU
		{10175E74-CFA2-4416-BEE6-2EDAA2C7B22D}.AppStore|iPhoneSimulator.Build.0 = Release|Any CPU
		{10175E74-CFA2-4416-BEE6-2EDAA2C7B22D}.AppStore|iPhoneSimulator.Deploy.0 = Release|Any CPU
		{10175E74-CFA2-4416-BEE6-2EDAA2C7B22D}.AppStore|x64.ActiveCfg = Release|Any CPU
		{10175E74-CFA2-4416-BEE6-2EDAA2C7B22D}.AppStore|x64.Build.0 = Release|Any CPU
		{10175E74-CFA2-4416-BEE6-2EDAA2C7B22D}.AppStore|x64.Deploy.0 = Release|Any CPU
		{10175E74-CFA2-4416-BEE6-2EDAA2C7B22D}.AppStore|x86.ActiveCfg = Release|Any CPU
		{10175E74-CFA2-4416-BEE6-2EDAA2C7B22D}.AppStore|x86.Build.0 = Release|Any CPU
		{10175E74-CFA2-4416-BEE6-2EDAA2C7B22D}.AppStore|x86.Deploy.0 = Release|Any CPU
		{10175E74-CFA2-4416-BEE6-2EDAA2C7B22D}.Debug|Any CPU.ActiveCfg = Debug|Any CPU
		{10175E74-CFA2-4416-BEE6-2EDAA2C7B22D}.Debug|Any CPU.Build.0 = Debug|Any CPU
		{10175E74-CFA2-4416-BEE6-2EDAA2C7B22D}.Debug|Any CPU.Deploy.0 = Debug|Any CPU
		{10175E74-CFA2-4416-BEE6-2EDAA2C7B22D}.Debug|ARM.ActiveCfg = Debug|Any CPU
		{10175E74-CFA2-4416-BEE6-2EDAA2C7B22D}.Debug|ARM.Build.0 = Debug|Any CPU
		{10175E74-CFA2-4416-BEE6-2EDAA2C7B22D}.Debug|ARM.Deploy.0 = Debug|Any CPU
		{10175E74-CFA2-4416-BEE6-2EDAA2C7B22D}.Debug|iPhone.ActiveCfg = Debug|Any CPU
		{10175E74-CFA2-4416-BEE6-2EDAA2C7B22D}.Debug|iPhone.Build.0 = Debug|Any CPU
		{10175E74-CFA2-4416-BEE6-2EDAA2C7B22D}.Debug|iPhone.Deploy.0 = Debug|Any CPU
		{10175E74-CFA2-4416-BEE6-2EDAA2C7B22D}.Debug|iPhoneSimulator.ActiveCfg = Debug|Any CPU
		{10175E74-CFA2-4416-BEE6-2EDAA2C7B22D}.Debug|iPhoneSimulator.Build.0 = Debug|Any CPU
		{10175E74-CFA2-4416-BEE6-2EDAA2C7B22D}.Debug|iPhoneSimulator.Deploy.0 = Debug|Any CPU
		{10175E74-CFA2-4416-BEE6-2EDAA2C7B22D}.Debug|x64.ActiveCfg = Debug|Any CPU
		{10175E74-CFA2-4416-BEE6-2EDAA2C7B22D}.Debug|x64.Build.0 = Debug|Any CPU
		{10175E74-CFA2-4416-BEE6-2EDAA2C7B22D}.Debug|x64.Deploy.0 = Debug|Any CPU
		{10175E74-CFA2-4416-BEE6-2EDAA2C7B22D}.Debug|x86.ActiveCfg = Debug|Any CPU
		{10175E74-CFA2-4416-BEE6-2EDAA2C7B22D}.Debug|x86.Build.0 = Debug|Any CPU
		{10175E74-CFA2-4416-BEE6-2EDAA2C7B22D}.Debug|x86.Deploy.0 = Debug|Any CPU
		{10175E74-CFA2-4416-BEE6-2EDAA2C7B22D}.Release|Any CPU.ActiveCfg = Release|Any CPU
		{10175E74-CFA2-4416-BEE6-2EDAA2C7B22D}.Release|Any CPU.Build.0 = Release|Any CPU
		{10175E74-CFA2-4416-BEE6-2EDAA2C7B22D}.Release|Any CPU.Deploy.0 = Release|Any CPU
		{10175E74-CFA2-4416-BEE6-2EDAA2C7B22D}.Release|ARM.ActiveCfg = Release|Any CPU
		{10175E74-CFA2-4416-BEE6-2EDAA2C7B22D}.Release|ARM.Build.0 = Release|Any CPU
		{10175E74-CFA2-4416-BEE6-2EDAA2C7B22D}.Release|ARM.Deploy.0 = Release|Any CPU
		{10175E74-CFA2-4416-BEE6-2EDAA2C7B22D}.Release|iPhone.ActiveCfg = Release|Any CPU
		{10175E74-CFA2-4416-BEE6-2EDAA2C7B22D}.Release|iPhone.Build.0 = Release|Any CPU
		{10175E74-CFA2-4416-BEE6-2EDAA2C7B22D}.Release|iPhone.Deploy.0 = Release|Any CPU
		{10175E74-CFA2-4416-BEE6-2EDAA2C7B22D}.Release|iPhoneSimulator.ActiveCfg = Release|Any CPU
		{10175E74-CFA2-4416-BEE6-2EDAA2C7B22D}.Release|iPhoneSimulator.Build.0 = Release|Any CPU
		{10175E74-CFA2-4416-BEE6-2EDAA2C7B22D}.Release|iPhoneSimulator.Deploy.0 = Release|Any CPU
		{10175E74-CFA2-4416-BEE6-2EDAA2C7B22D}.Release|x64.ActiveCfg = Release|Any CPU
		{10175E74-CFA2-4416-BEE6-2EDAA2C7B22D}.Release|x64.Build.0 = Release|Any CPU
		{10175E74-CFA2-4416-BEE6-2EDAA2C7B22D}.Release|x64.Deploy.0 = Release|Any CPU
		{10175E74-CFA2-4416-BEE6-2EDAA2C7B22D}.Release|x86.ActiveCfg = Release|Any CPU
		{10175E74-CFA2-4416-BEE6-2EDAA2C7B22D}.Release|x86.Build.0 = Release|Any CPU
		{10175E74-CFA2-4416-BEE6-2EDAA2C7B22D}.Release|x86.Deploy.0 = Release|Any CPU
		{1483EF37-E8DE-47E9-A9F7-F8359D1AADD4}.Ad-Hoc|Any CPU.ActiveCfg = Ad-Hoc|iPhone
		{1483EF37-E8DE-47E9-A9F7-F8359D1AADD4}.Ad-Hoc|Any CPU.Build.0 = Ad-Hoc|iPhone
		{1483EF37-E8DE-47E9-A9F7-F8359D1AADD4}.Ad-Hoc|Any CPU.Deploy.0 = Ad-Hoc|iPhone
		{1483EF37-E8DE-47E9-A9F7-F8359D1AADD4}.Ad-Hoc|ARM.ActiveCfg = Ad-Hoc|iPhone
		{1483EF37-E8DE-47E9-A9F7-F8359D1AADD4}.Ad-Hoc|ARM.Build.0 = Ad-Hoc|iPhone
		{1483EF37-E8DE-47E9-A9F7-F8359D1AADD4}.Ad-Hoc|ARM.Deploy.0 = Ad-Hoc|iPhone
		{1483EF37-E8DE-47E9-A9F7-F8359D1AADD4}.Ad-Hoc|iPhone.ActiveCfg = Ad-Hoc|iPhone
		{1483EF37-E8DE-47E9-A9F7-F8359D1AADD4}.Ad-Hoc|iPhone.Build.0 = Ad-Hoc|iPhone
		{1483EF37-E8DE-47E9-A9F7-F8359D1AADD4}.Ad-Hoc|iPhone.Deploy.0 = Ad-Hoc|iPhone
		{1483EF37-E8DE-47E9-A9F7-F8359D1AADD4}.Ad-Hoc|iPhoneSimulator.ActiveCfg = Ad-Hoc|iPhoneSimulator
		{1483EF37-E8DE-47E9-A9F7-F8359D1AADD4}.Ad-Hoc|iPhoneSimulator.Build.0 = Ad-Hoc|iPhoneSimulator
		{1483EF37-E8DE-47E9-A9F7-F8359D1AADD4}.Ad-Hoc|iPhoneSimulator.Deploy.0 = Ad-Hoc|iPhoneSimulator
		{1483EF37-E8DE-47E9-A9F7-F8359D1AADD4}.Ad-Hoc|x64.ActiveCfg = Ad-Hoc|iPhone
		{1483EF37-E8DE-47E9-A9F7-F8359D1AADD4}.Ad-Hoc|x64.Build.0 = Ad-Hoc|iPhone
		{1483EF37-E8DE-47E9-A9F7-F8359D1AADD4}.Ad-Hoc|x64.Deploy.0 = Ad-Hoc|iPhone
		{1483EF37-E8DE-47E9-A9F7-F8359D1AADD4}.Ad-Hoc|x86.ActiveCfg = Ad-Hoc|iPhone
		{1483EF37-E8DE-47E9-A9F7-F8359D1AADD4}.Ad-Hoc|x86.Build.0 = Ad-Hoc|iPhone
		{1483EF37-E8DE-47E9-A9F7-F8359D1AADD4}.Ad-Hoc|x86.Deploy.0 = Ad-Hoc|iPhone
		{1483EF37-E8DE-47E9-A9F7-F8359D1AADD4}.AppStore|Any CPU.ActiveCfg = AppStore|iPhone
		{1483EF37-E8DE-47E9-A9F7-F8359D1AADD4}.AppStore|Any CPU.Build.0 = AppStore|iPhone
		{1483EF37-E8DE-47E9-A9F7-F8359D1AADD4}.AppStore|Any CPU.Deploy.0 = AppStore|iPhone
		{1483EF37-E8DE-47E9-A9F7-F8359D1AADD4}.AppStore|ARM.ActiveCfg = AppStore|iPhone
		{1483EF37-E8DE-47E9-A9F7-F8359D1AADD4}.AppStore|ARM.Build.0 = AppStore|iPhone
		{1483EF37-E8DE-47E9-A9F7-F8359D1AADD4}.AppStore|ARM.Deploy.0 = AppStore|iPhone
		{1483EF37-E8DE-47E9-A9F7-F8359D1AADD4}.AppStore|iPhone.ActiveCfg = AppStore|iPhone
		{1483EF37-E8DE-47E9-A9F7-F8359D1AADD4}.AppStore|iPhone.Build.0 = AppStore|iPhone
		{1483EF37-E8DE-47E9-A9F7-F8359D1AADD4}.AppStore|iPhone.Deploy.0 = AppStore|iPhone
		{1483EF37-E8DE-47E9-A9F7-F8359D1AADD4}.AppStore|iPhoneSimulator.ActiveCfg = AppStore|iPhoneSimulator
		{1483EF37-E8DE-47E9-A9F7-F8359D1AADD4}.AppStore|iPhoneSimulator.Build.0 = AppStore|iPhoneSimulator
		{1483EF37-E8DE-47E9-A9F7-F8359D1AADD4}.AppStore|iPhoneSimulator.Deploy.0 = AppStore|iPhoneSimulator
		{1483EF37-E8DE-47E9-A9F7-F8359D1AADD4}.AppStore|x64.ActiveCfg = AppStore|iPhone
		{1483EF37-E8DE-47E9-A9F7-F8359D1AADD4}.AppStore|x64.Build.0 = AppStore|iPhone
		{1483EF37-E8DE-47E9-A9F7-F8359D1AADD4}.AppStore|x64.Deploy.0 = AppStore|iPhone
		{1483EF37-E8DE-47E9-A9F7-F8359D1AADD4}.AppStore|x86.ActiveCfg = AppStore|iPhone
		{1483EF37-E8DE-47E9-A9F7-F8359D1AADD4}.AppStore|x86.Build.0 = AppStore|iPhone
		{1483EF37-E8DE-47E9-A9F7-F8359D1AADD4}.AppStore|x86.Deploy.0 = AppStore|iPhone
		{1483EF37-E8DE-47E9-A9F7-F8359D1AADD4}.Debug|Any CPU.ActiveCfg = Debug|iPhoneSimulator
		{1483EF37-E8DE-47E9-A9F7-F8359D1AADD4}.Debug|Any CPU.Build.0 = Debug|iPhoneSimulator
		{1483EF37-E8DE-47E9-A9F7-F8359D1AADD4}.Debug|Any CPU.Deploy.0 = Debug|iPhoneSimulator
		{1483EF37-E8DE-47E9-A9F7-F8359D1AADD4}.Debug|ARM.ActiveCfg = Debug|iPhone
		{1483EF37-E8DE-47E9-A9F7-F8359D1AADD4}.Debug|ARM.Build.0 = Debug|iPhone
		{1483EF37-E8DE-47E9-A9F7-F8359D1AADD4}.Debug|ARM.Deploy.0 = Debug|iPhone
		{1483EF37-E8DE-47E9-A9F7-F8359D1AADD4}.Debug|iPhone.ActiveCfg = Debug|iPhone
		{1483EF37-E8DE-47E9-A9F7-F8359D1AADD4}.Debug|iPhone.Build.0 = Debug|iPhone
		{1483EF37-E8DE-47E9-A9F7-F8359D1AADD4}.Debug|iPhone.Deploy.0 = Debug|iPhone
		{1483EF37-E8DE-47E9-A9F7-F8359D1AADD4}.Debug|iPhoneSimulator.ActiveCfg = Debug|iPhoneSimulator
		{1483EF37-E8DE-47E9-A9F7-F8359D1AADD4}.Debug|iPhoneSimulator.Build.0 = Debug|iPhoneSimulator
		{1483EF37-E8DE-47E9-A9F7-F8359D1AADD4}.Debug|iPhoneSimulator.Deploy.0 = Debug|iPhoneSimulator
		{1483EF37-E8DE-47E9-A9F7-F8359D1AADD4}.Debug|x64.ActiveCfg = Debug|iPhone
		{1483EF37-E8DE-47E9-A9F7-F8359D1AADD4}.Debug|x64.Build.0 = Debug|iPhone
		{1483EF37-E8DE-47E9-A9F7-F8359D1AADD4}.Debug|x64.Deploy.0 = Debug|iPhone
		{1483EF37-E8DE-47E9-A9F7-F8359D1AADD4}.Debug|x86.ActiveCfg = Debug|iPhone
		{1483EF37-E8DE-47E9-A9F7-F8359D1AADD4}.Debug|x86.Build.0 = Debug|iPhone
		{1483EF37-E8DE-47E9-A9F7-F8359D1AADD4}.Debug|x86.Deploy.0 = Debug|iPhone
		{1483EF37-E8DE-47E9-A9F7-F8359D1AADD4}.Release|Any CPU.ActiveCfg = Release|iPhone
		{1483EF37-E8DE-47E9-A9F7-F8359D1AADD4}.Release|Any CPU.Build.0 = Release|iPhone
		{1483EF37-E8DE-47E9-A9F7-F8359D1AADD4}.Release|Any CPU.Deploy.0 = Release|iPhone
		{1483EF37-E8DE-47E9-A9F7-F8359D1AADD4}.Release|ARM.ActiveCfg = Release|iPhone
		{1483EF37-E8DE-47E9-A9F7-F8359D1AADD4}.Release|ARM.Build.0 = Release|iPhone
		{1483EF37-E8DE-47E9-A9F7-F8359D1AADD4}.Release|ARM.Deploy.0 = Release|iPhone
		{1483EF37-E8DE-47E9-A9F7-F8359D1AADD4}.Release|iPhone.ActiveCfg = Release|iPhone
		{1483EF37-E8DE-47E9-A9F7-F8359D1AADD4}.Release|iPhone.Build.0 = Release|iPhone
		{1483EF37-E8DE-47E9-A9F7-F8359D1AADD4}.Release|iPhone.Deploy.0 = Release|iPhone
		{1483EF37-E8DE-47E9-A9F7-F8359D1AADD4}.Release|iPhoneSimulator.ActiveCfg = Release|iPhoneSimulator
		{1483EF37-E8DE-47E9-A9F7-F8359D1AADD4}.Release|iPhoneSimulator.Build.0 = Release|iPhoneSimulator
		{1483EF37-E8DE-47E9-A9F7-F8359D1AADD4}.Release|iPhoneSimulator.Deploy.0 = Release|iPhoneSimulator
		{1483EF37-E8DE-47E9-A9F7-F8359D1AADD4}.Release|x64.ActiveCfg = Release|iPhone
		{1483EF37-E8DE-47E9-A9F7-F8359D1AADD4}.Release|x64.Build.0 = Release|iPhone
		{1483EF37-E8DE-47E9-A9F7-F8359D1AADD4}.Release|x64.Deploy.0 = Release|iPhone
		{1483EF37-E8DE-47E9-A9F7-F8359D1AADD4}.Release|x86.ActiveCfg = Release|iPhone
		{1483EF37-E8DE-47E9-A9F7-F8359D1AADD4}.Release|x86.Build.0 = Release|iPhone
		{1483EF37-E8DE-47E9-A9F7-F8359D1AADD4}.Release|x86.Deploy.0 = Release|iPhone
		{D7778011-2823-491A-82CE-85715855CE27}.Ad-Hoc|Any CPU.ActiveCfg = Release|x86
		{D7778011-2823-491A-82CE-85715855CE27}.Ad-Hoc|Any CPU.Build.0 = Release|x86
		{D7778011-2823-491A-82CE-85715855CE27}.Ad-Hoc|Any CPU.Deploy.0 = Release|x86
		{D7778011-2823-491A-82CE-85715855CE27}.Ad-Hoc|ARM.ActiveCfg = Release|ARM
		{D7778011-2823-491A-82CE-85715855CE27}.Ad-Hoc|ARM.Build.0 = Release|ARM
		{D7778011-2823-491A-82CE-85715855CE27}.Ad-Hoc|ARM.Deploy.0 = Release|ARM
		{D7778011-2823-491A-82CE-85715855CE27}.Ad-Hoc|iPhone.ActiveCfg = Release|x86
		{D7778011-2823-491A-82CE-85715855CE27}.Ad-Hoc|iPhone.Build.0 = Release|x86
		{D7778011-2823-491A-82CE-85715855CE27}.Ad-Hoc|iPhone.Deploy.0 = Release|x86
		{D7778011-2823-491A-82CE-85715855CE27}.Ad-Hoc|iPhoneSimulator.ActiveCfg = Release|x86
		{D7778011-2823-491A-82CE-85715855CE27}.Ad-Hoc|iPhoneSimulator.Build.0 = Release|x86
		{D7778011-2823-491A-82CE-85715855CE27}.Ad-Hoc|iPhoneSimulator.Deploy.0 = Release|x86
		{D7778011-2823-491A-82CE-85715855CE27}.Ad-Hoc|x64.ActiveCfg = Release|x64
		{D7778011-2823-491A-82CE-85715855CE27}.Ad-Hoc|x64.Build.0 = Release|x64
		{D7778011-2823-491A-82CE-85715855CE27}.Ad-Hoc|x64.Deploy.0 = Release|x64
		{D7778011-2823-491A-82CE-85715855CE27}.Ad-Hoc|x86.ActiveCfg = Release|x86
		{D7778011-2823-491A-82CE-85715855CE27}.Ad-Hoc|x86.Build.0 = Release|x86
		{D7778011-2823-491A-82CE-85715855CE27}.Ad-Hoc|x86.Deploy.0 = Release|x86
		{D7778011-2823-491A-82CE-85715855CE27}.AppStore|Any CPU.ActiveCfg = Release|x86
		{D7778011-2823-491A-82CE-85715855CE27}.AppStore|Any CPU.Build.0 = Release|x86
		{D7778011-2823-491A-82CE-85715855CE27}.AppStore|Any CPU.Deploy.0 = Release|x86
		{D7778011-2823-491A-82CE-85715855CE27}.AppStore|ARM.ActiveCfg = Release|ARM
		{D7778011-2823-491A-82CE-85715855CE27}.AppStore|ARM.Build.0 = Release|ARM
		{D7778011-2823-491A-82CE-85715855CE27}.AppStore|ARM.Deploy.0 = Release|ARM
		{D7778011-2823-491A-82CE-85715855CE27}.AppStore|iPhone.ActiveCfg = Release|x86
		{D7778011-2823-491A-82CE-85715855CE27}.AppStore|iPhone.Build.0 = Release|x86
		{D7778011-2823-491A-82CE-85715855CE27}.AppStore|iPhone.Deploy.0 = Release|x86
		{D7778011-2823-491A-82CE-85715855CE27}.AppStore|iPhoneSimulator.ActiveCfg = Release|x86
		{D7778011-2823-491A-82CE-85715855CE27}.AppStore|iPhoneSimulator.Build.0 = Release|x86
		{D7778011-2823-491A-82CE-85715855CE27}.AppStore|iPhoneSimulator.Deploy.0 = Release|x86
		{D7778011-2823-491A-82CE-85715855CE27}.AppStore|x64.ActiveCfg = Release|x64
		{D7778011-2823-491A-82CE-85715855CE27}.AppStore|x64.Build.0 = Release|x64
		{D7778011-2823-491A-82CE-85715855CE27}.AppStore|x64.Deploy.0 = Release|x64
		{D7778011-2823-491A-82CE-85715855CE27}.AppStore|x86.ActiveCfg = Release|x86
		{D7778011-2823-491A-82CE-85715855CE27}.AppStore|x86.Build.0 = Release|x86
		{D7778011-2823-491A-82CE-85715855CE27}.AppStore|x86.Deploy.0 = Release|x86
		{D7778011-2823-491A-82CE-85715855CE27}.Debug|Any CPU.ActiveCfg = Debug|x86
		{D7778011-2823-491A-82CE-85715855CE27}.Debug|Any CPU.Build.0 = Debug|x86
		{D7778011-2823-491A-82CE-85715855CE27}.Debug|Any CPU.Deploy.0 = Debug|x86
		{D7778011-2823-491A-82CE-85715855CE27}.Debug|ARM.ActiveCfg = Debug|ARM
		{D7778011-2823-491A-82CE-85715855CE27}.Debug|ARM.Build.0 = Debug|ARM
		{D7778011-2823-491A-82CE-85715855CE27}.Debug|ARM.Deploy.0 = Debug|ARM
		{D7778011-2823-491A-82CE-85715855CE27}.Debug|iPhone.ActiveCfg = Debug|x86
		{D7778011-2823-491A-82CE-85715855CE27}.Debug|iPhone.Build.0 = Debug|x86
		{D7778011-2823-491A-82CE-85715855CE27}.Debug|iPhone.Deploy.0 = Debug|x86
		{D7778011-2823-491A-82CE-85715855CE27}.Debug|iPhoneSimulator.ActiveCfg = Debug|x86
		{D7778011-2823-491A-82CE-85715855CE27}.Debug|iPhoneSimulator.Build.0 = Debug|x86
		{D7778011-2823-491A-82CE-85715855CE27}.Debug|iPhoneSimulator.Deploy.0 = Debug|x86
		{D7778011-2823-491A-82CE-85715855CE27}.Debug|x64.ActiveCfg = Debug|x64
		{D7778011-2823-491A-82CE-85715855CE27}.Debug|x64.Build.0 = Debug|x64
		{D7778011-2823-491A-82CE-85715855CE27}.Debug|x64.Deploy.0 = Debug|x64
		{D7778011-2823-491A-82CE-85715855CE27}.Debug|x86.ActiveCfg = Debug|x86
		{D7778011-2823-491A-82CE-85715855CE27}.Debug|x86.Build.0 = Debug|x86
		{D7778011-2823-491A-82CE-85715855CE27}.Debug|x86.Deploy.0 = Debug|x86
		{D7778011-2823-491A-82CE-85715855CE27}.Release|Any CPU.ActiveCfg = Release|x86
		{D7778011-2823-491A-82CE-85715855CE27}.Release|Any CPU.Build.0 = Release|x86
		{D7778011-2823-491A-82CE-85715855CE27}.Release|Any CPU.Deploy.0 = Release|x86
		{D7778011-2823-491A-82CE-85715855CE27}.Release|ARM.ActiveCfg = Release|ARM
		{D7778011-2823-491A-82CE-85715855CE27}.Release|ARM.Build.0 = Release|ARM
		{D7778011-2823-491A-82CE-85715855CE27}.Release|ARM.Deploy.0 = Release|ARM
		{D7778011-2823-491A-82CE-85715855CE27}.Release|iPhone.ActiveCfg = Release|x86
		{D7778011-2823-491A-82CE-85715855CE27}.Release|iPhone.Build.0 = Release|x86
		{D7778011-2823-491A-82CE-85715855CE27}.Release|iPhone.Deploy.0 = Release|x86
		{D7778011-2823-491A-82CE-85715855CE27}.Release|iPhoneSimulator.ActiveCfg = Release|x86
		{D7778011-2823-491A-82CE-85715855CE27}.Release|iPhoneSimulator.Build.0 = Release|x86
		{D7778011-2823-491A-82CE-85715855CE27}.Release|iPhoneSimulator.Deploy.0 = Release|x86
		{D7778011-2823-491A-82CE-85715855CE27}.Release|x64.ActiveCfg = Release|x64
		{D7778011-2823-491A-82CE-85715855CE27}.Release|x64.Build.0 = Release|x64
		{D7778011-2823-491A-82CE-85715855CE27}.Release|x64.Deploy.0 = Release|x64
		{D7778011-2823-491A-82CE-85715855CE27}.Release|x86.ActiveCfg = Release|x86
		{D7778011-2823-491A-82CE-85715855CE27}.Release|x86.Build.0 = Release|x86
		{D7778011-2823-491A-82CE-85715855CE27}.Release|x86.Deploy.0 = Release|x86
		{6D55794A-AD4E-4445-9B5F-7DA1D03A5738}.Ad-Hoc|Any CPU.ActiveCfg = Debug|Any CPU
		{6D55794A-AD4E-4445-9B5F-7DA1D03A5738}.Ad-Hoc|Any CPU.Build.0 = Debug|Any CPU
		{6D55794A-AD4E-4445-9B5F-7DA1D03A5738}.Ad-Hoc|Any CPU.Deploy.0 = Debug|Any CPU
		{6D55794A-AD4E-4445-9B5F-7DA1D03A5738}.Ad-Hoc|ARM.ActiveCfg = Debug|Any CPU
		{6D55794A-AD4E-4445-9B5F-7DA1D03A5738}.Ad-Hoc|ARM.Build.0 = Debug|Any CPU
		{6D55794A-AD4E-4445-9B5F-7DA1D03A5738}.Ad-Hoc|ARM.Deploy.0 = Debug|Any CPU
		{6D55794A-AD4E-4445-9B5F-7DA1D03A5738}.Ad-Hoc|iPhone.ActiveCfg = Debug|Any CPU
		{6D55794A-AD4E-4445-9B5F-7DA1D03A5738}.Ad-Hoc|iPhone.Build.0 = Debug|Any CPU
		{6D55794A-AD4E-4445-9B5F-7DA1D03A5738}.Ad-Hoc|iPhone.Deploy.0 = Debug|Any CPU
		{6D55794A-AD4E-4445-9B5F-7DA1D03A5738}.Ad-Hoc|iPhoneSimulator.ActiveCfg = Debug|Any CPU
		{6D55794A-AD4E-4445-9B5F-7DA1D03A5738}.Ad-Hoc|iPhoneSimulator.Build.0 = Debug|Any CPU
		{6D55794A-AD4E-4445-9B5F-7DA1D03A5738}.Ad-Hoc|iPhoneSimulator.Deploy.0 = Debug|Any CPU
		{6D55794A-AD4E-4445-9B5F-7DA1D03A5738}.Ad-Hoc|x64.ActiveCfg = Debug|Any CPU
		{6D55794A-AD4E-4445-9B5F-7DA1D03A5738}.Ad-Hoc|x64.Build.0 = Debug|Any CPU
		{6D55794A-AD4E-4445-9B5F-7DA1D03A5738}.Ad-Hoc|x64.Deploy.0 = Debug|Any CPU
		{6D55794A-AD4E-4445-9B5F-7DA1D03A5738}.Ad-Hoc|x86.ActiveCfg = Debug|Any CPU
		{6D55794A-AD4E-4445-9B5F-7DA1D03A5738}.Ad-Hoc|x86.Build.0 = Debug|Any CPU
		{6D55794A-AD4E-4445-9B5F-7DA1D03A5738}.Ad-Hoc|x86.Deploy.0 = Debug|Any CPU
		{6D55794A-AD4E-4445-9B5F-7DA1D03A5738}.AppStore|Any CPU.ActiveCfg = Debug|Any CPU
		{6D55794A-AD4E-4445-9B5F-7DA1D03A5738}.AppStore|Any CPU.Build.0 = Debug|Any CPU
		{6D55794A-AD4E-4445-9B5F-7DA1D03A5738}.AppStore|Any CPU.Deploy.0 = Debug|Any CPU
		{6D55794A-AD4E-4445-9B5F-7DA1D03A5738}.AppStore|ARM.ActiveCfg = Debug|Any CPU
		{6D55794A-AD4E-4445-9B5F-7DA1D03A5738}.AppStore|ARM.Build.0 = Debug|Any CPU
		{6D55794A-AD4E-4445-9B5F-7DA1D03A5738}.AppStore|ARM.Deploy.0 = Debug|Any CPU
		{6D55794A-AD4E-4445-9B5F-7DA1D03A5738}.AppStore|iPhone.ActiveCfg = Debug|Any CPU
		{6D55794A-AD4E-4445-9B5F-7DA1D03A5738}.AppStore|iPhone.Build.0 = Debug|Any CPU
		{6D55794A-AD4E-4445-9B5F-7DA1D03A5738}.AppStore|iPhone.Deploy.0 = Debug|Any CPU
		{6D55794A-AD4E-4445-9B5F-7DA1D03A5738}.AppStore|iPhoneSimulator.ActiveCfg = Debug|Any CPU
		{6D55794A-AD4E-4445-9B5F-7DA1D03A5738}.AppStore|iPhoneSimulator.Build.0 = Debug|Any CPU
		{6D55794A-AD4E-4445-9B5F-7DA1D03A5738}.AppStore|iPhoneSimulator.Deploy.0 = Debug|Any CPU
		{6D55794A-AD4E-4445-9B5F-7DA1D03A5738}.AppStore|x64.ActiveCfg = Debug|Any CPU
		{6D55794A-AD4E-4445-9B5F-7DA1D03A5738}.AppStore|x64.Build.0 = Debug|Any CPU
		{6D55794A-AD4E-4445-9B5F-7DA1D03A5738}.AppStore|x64.Deploy.0 = Debug|Any CPU
		{6D55794A-AD4E-4445-9B5F-7DA1D03A5738}.AppStore|x86.ActiveCfg = Debug|Any CPU
		{6D55794A-AD4E-4445-9B5F-7DA1D03A5738}.AppStore|x86.Build.0 = Debug|Any CPU
		{6D55794A-AD4E-4445-9B5F-7DA1D03A5738}.AppStore|x86.Deploy.0 = Debug|Any CPU
		{6D55794A-AD4E-4445-9B5F-7DA1D03A5738}.Debug|Any CPU.ActiveCfg = Debug|Any CPU
		{6D55794A-AD4E-4445-9B5F-7DA1D03A5738}.Debug|Any CPU.Build.0 = Debug|Any CPU
		{6D55794A-AD4E-4445-9B5F-7DA1D03A5738}.Debug|Any CPU.Deploy.0 = Debug|Any CPU
		{6D55794A-AD4E-4445-9B5F-7DA1D03A5738}.Debug|ARM.ActiveCfg = Debug|Any CPU
		{6D55794A-AD4E-4445-9B5F-7DA1D03A5738}.Debug|ARM.Build.0 = Debug|Any CPU
		{6D55794A-AD4E-4445-9B5F-7DA1D03A5738}.Debug|ARM.Deploy.0 = Debug|Any CPU
		{6D55794A-AD4E-4445-9B5F-7DA1D03A5738}.Debug|iPhone.ActiveCfg = Debug|Any CPU
		{6D55794A-AD4E-4445-9B5F-7DA1D03A5738}.Debug|iPhone.Build.0 = Debug|Any CPU
		{6D55794A-AD4E-4445-9B5F-7DA1D03A5738}.Debug|iPhone.Deploy.0 = Debug|Any CPU
		{6D55794A-AD4E-4445-9B5F-7DA1D03A5738}.Debug|iPhoneSimulator.ActiveCfg = Debug|Any CPU
		{6D55794A-AD4E-4445-9B5F-7DA1D03A5738}.Debug|iPhoneSimulator.Build.0 = Debug|Any CPU
		{6D55794A-AD4E-4445-9B5F-7DA1D03A5738}.Debug|iPhoneSimulator.Deploy.0 = Debug|Any CPU
		{6D55794A-AD4E-4445-9B5F-7DA1D03A5738}.Debug|x64.ActiveCfg = Debug|Any CPU
		{6D55794A-AD4E-4445-9B5F-7DA1D03A5738}.Debug|x64.Build.0 = Debug|Any CPU
		{6D55794A-AD4E-4445-9B5F-7DA1D03A5738}.Debug|x64.Deploy.0 = Debug|Any CPU
		{6D55794A-AD4E-4445-9B5F-7DA1D03A5738}.Debug|x86.ActiveCfg = Debug|Any CPU
		{6D55794A-AD4E-4445-9B5F-7DA1D03A5738}.Debug|x86.Build.0 = Debug|Any CPU
		{6D55794A-AD4E-4445-9B5F-7DA1D03A5738}.Debug|x86.Deploy.0 = Debug|Any CPU
		{6D55794A-AD4E-4445-9B5F-7DA1D03A5738}.Release|Any CPU.ActiveCfg = Release|Any CPU
		{6D55794A-AD4E-4445-9B5F-7DA1D03A5738}.Release|Any CPU.Build.0 = Release|Any CPU
		{6D55794A-AD4E-4445-9B5F-7DA1D03A5738}.Release|Any CPU.Deploy.0 = Release|Any CPU
		{6D55794A-AD4E-4445-9B5F-7DA1D03A5738}.Release|ARM.ActiveCfg = Release|Any CPU
		{6D55794A-AD4E-4445-9B5F-7DA1D03A5738}.Release|ARM.Build.0 = Release|Any CPU
		{6D55794A-AD4E-4445-9B5F-7DA1D03A5738}.Release|ARM.Deploy.0 = Release|Any CPU
		{6D55794A-AD4E-4445-9B5F-7DA1D03A5738}.Release|iPhone.ActiveCfg = Release|Any CPU
		{6D55794A-AD4E-4445-9B5F-7DA1D03A5738}.Release|iPhone.Build.0 = Release|Any CPU
		{6D55794A-AD4E-4445-9B5F-7DA1D03A5738}.Release|iPhone.Deploy.0 = Release|Any CPU
		{6D55794A-AD4E-4445-9B5F-7DA1D03A5738}.Release|iPhoneSimulator.ActiveCfg = Release|Any CPU
		{6D55794A-AD4E-4445-9B5F-7DA1D03A5738}.Release|iPhoneSimulator.Build.0 = Release|Any CPU
		{6D55794A-AD4E-4445-9B5F-7DA1D03A5738}.Release|iPhoneSimulator.Deploy.0 = Release|Any CPU
		{6D55794A-AD4E-4445-9B5F-7DA1D03A5738}.Release|x64.ActiveCfg = Release|Any CPU
		{6D55794A-AD4E-4445-9B5F-7DA1D03A5738}.Release|x64.Build.0 = Release|Any CPU
		{6D55794A-AD4E-4445-9B5F-7DA1D03A5738}.Release|x64.Deploy.0 = Release|Any CPU
		{6D55794A-AD4E-4445-9B5F-7DA1D03A5738}.Release|x86.ActiveCfg = Release|Any CPU
		{6D55794A-AD4E-4445-9B5F-7DA1D03A5738}.Release|x86.Build.0 = Release|Any CPU
		{6D55794A-AD4E-4445-9B5F-7DA1D03A5738}.Release|x86.Deploy.0 = Release|Any CPU
	EndGlobalSection
	GlobalSection(SolutionProperties) = preSolution
		HideSolutionNode = FALSE
	EndGlobalSection
	GlobalSection(ExtensibilityGlobals) = postSolution
		SolutionGuid = {6F3EFCCE-2506-4C78-9E44-E88736EF3C8F}
	EndGlobalSection
EndGlobal
